
Microsoft Visual Studio Solution File, Format Version 12.00
# Visual Studio 14
VisualStudioVersion = 14.0.24720.0
MinimumVisualStudioVersion = 10.0.40219.1
Project("{FAE04EC0-301F-11D3-BF4B-00C04F79EFBC}") = "TSV-CS_Util", "TSV-CS_Util\TSV-CS_Util.csproj", "{35717793-E0D1-45A6-91BC-3E41950CD72A}"
EndProject
Project("{E24C65DC-7377-472B-9ABA-BC803B73C61A}") = "mVisaCRC", "..\..\Example\UDIO_Product_RND\mVisaCRC\", "{6F917FDA-C4C4-468E-9E9C-791F30862917}"
	ProjectSection(WebsiteProperties) = preProject
		TargetFrameworkMoniker = ".NETFramework,Version%3Dv4.5"
		Debug.AspNetCompiler.VirtualPath = "/localhost_52143"
		Debug.AspNetCompiler.PhysicalPath = "..\..\Example\UDIO_Product_RND\mVisaCRC\"
		Debug.AspNetCompiler.TargetPath = "PrecompiledWeb\localhost_52143\"
		Debug.AspNetCompiler.Updateable = "true"
		Debug.AspNetCompiler.ForceOverwrite = "true"
		Debug.AspNetCompiler.FixedNames = "false"
		Debug.AspNetCompiler.Debug = "True"
		Release.AspNetCompiler.VirtualPath = "/localhost_52143"
		Release.AspNetCompiler.PhysicalPath = "..\..\Example\UDIO_Product_RND\mVisaCRC\"
		Release.AspNetCompiler.TargetPath = "PrecompiledWeb\localhost_52143\"
		Release.AspNetCompiler.Updateable = "true"
		Release.AspNetCompiler.ForceOverwrite = "true"
		Release.AspNetCompiler.FixedNames = "false"
		Release.AspNetCompiler.Debug = "False"
		VWDPort = "52143"
		SlnRelativePath = "..\..\Example\UDIO_Product_RND\mVisaCRC\"
		DefaultWebSiteLanguage = "Visual C#"
	EndProjectSection
EndProject
Global
	GlobalSection(SolutionConfigurationPlatforms) = preSolution
		Debug|Any CPU = Debug|Any CPU
		Release|Any CPU = Release|Any CPU
	EndGlobalSection
	GlobalSection(ProjectConfigurationPlatforms) = postSolution
		{35717793-E0D1-45A6-91BC-3E41950CD72A}.Debug|Any CPU.ActiveCfg = Debug|Any CPU
		{35717793-E0D1-45A6-91BC-3E41950CD72A}.Debug|Any CPU.Build.0 = Debug|Any CPU
		{35717793-E0D1-45A6-91BC-3E41950CD72A}.Release|Any CPU.ActiveCfg = Release|Any CPU
		{35717793-E0D1-45A6-91BC-3E41950CD72A}.Release|Any CPU.Build.0 = Release|Any CPU
		{6F917FDA-C4C4-468E-9E9C-791F30862917}.Debug|Any CPU.ActiveCfg = Debug|Any CPU
		{6F917FDA-C4C4-468E-9E9C-791F30862917}.Debug|Any CPU.Build.0 = Debug|Any CPU
		{6F917FDA-C4C4-468E-9E9C-791F30862917}.Release|Any CPU.ActiveCfg = Debug|Any CPU
		{6F917FDA-C4C4-468E-9E9C-791F30862917}.Release|Any CPU.Build.0 = Debug|Any CPU
	EndGlobalSection
	GlobalSection(SolutionProperties) = preSolution
		HideSolutionNode = FALSE
	EndGlobalSection
EndGlobal
